
Microsoft Visual Studio Solution File, Format Version 12.00
# Visual Studio Version 17
VisualStudioVersion = 17.9.34728.123
MinimumVisualStudioVersion = 10.0.40219.1
Project("{9A19103F-16F7-4668-BE54-9A1E7A4F7556}") = "warehouse", "warehouse\warehouse.csproj", "{5AABB50B-2542-4DA0-A997-78620FF8BFCD}"
	ProjectSection(ProjectDependencies) = postProject
		{544F9A52-071F-4908-9E71-E59BCEA654BC} = {544F9A52-071F-4908-9E71-E59BCEA654BC}
	EndProjectSection
EndProject
Project("{9A19103F-16F7-4668-BE54-9A1E7A4F7556}") = "WarehouseClassLibrary", "WarehouseClassLibrary\WarehouseClassLibrary.csproj", "{544F9A52-071F-4908-9E71-E59BCEA654BC}"
EndProject
Global
	GlobalSection(SolutionConfigurationPlatforms) = preSolution
		Debug|Any CPU = Debug|Any CPU
		Release|Any CPU = Release|Any CPU
	EndGlobalSection
	GlobalSection(ProjectConfigurationPlatforms) = postSolution
		{5AABB50B-2542-4DA0-A997-78620FF8BFCD}.Debug|Any CPU.ActiveCfg = Debug|Any CPU
		{5AABB50B-2542-4DA0-A997-78620FF8BFCD}.Debug|Any CPU.Build.0 = Debug|Any CPU
		{5AABB50B-2542-4DA0-A997-78620FF8BFCD}.Release|Any CPU.ActiveCfg = Release|Any CPU
		{5AABB50B-2542-4DA0-A997-78620FF8BFCD}.Release|Any CPU.Build.0 = Release|Any CPU
		{544F9A52-071F-4908-9E71-E59BCEA654BC}.Debug|Any CPU.ActiveCfg = Debug|Any CPU
		{544F9A52-071F-4908-9E71-E59BCEA654BC}.Debug|Any CPU.Build.0 = Debug|Any CPU
		{544F9A52-071F-4908-9E71-E59BCEA654BC}.Release|Any CPU.ActiveCfg = Release|Any CPU
		{544F9A52-071F-4908-9E71-E59BCEA654BC}.Release|Any CPU.Build.0 = Release|Any CPU
	EndGlobalSection
	GlobalSection(SolutionProperties) = preSolution
		HideSolutionNode = FALSE
	EndGlobalSection
	GlobalSection(ExtensibilityGlobals) = postSolution
		SolutionGuid = {2338BB52-D411-4553-AC53-B3A4BB70525C}
	EndGlobalSection
EndGlobal
